
Microsoft Visual Studio Solution File, Format Version 12.00
# Visual Studio Version 17
VisualStudioVersion = 17.11.35327.3
MinimumVisualStudioVersion = 10.0.40219.1
Project("{FAE04EC0-301F-11D3-BF4B-00C04F79EFBC}") = "MVCCrud", "MVCCrud\MVCCrud.csproj", "{5FFC1272-9443-4524-814F-50D1F593D3B6}"
EndProject
Project("{FAE04EC0-301F-11D3-BF4B-00C04F79EFBC}") = "MVCCrudAdo", "MVCCrudAdo\MVCCrudAdo.csproj", "{EA47917D-103B-450D-A31C-54139C3703C3}"
EndProject
Global
	GlobalSection(SolutionConfigurationPlatforms) = preSolution
		Debug|Any CPU = Debug|Any CPU
		Release|Any CPU = Release|Any CPU
	EndGlobalSection
	GlobalSection(ProjectConfigurationPlatforms) = postSolution
		{5FFC1272-9443-4524-814F-50D1F593D3B6}.Debug|Any CPU.ActiveCfg = Debug|Any CPU
		{5FFC1272-9443-4524-814F-50D1F593D3B6}.Debug|Any CPU.Build.0 = Debug|Any CPU
		{5FFC1272-9443-4524-814F-50D1F593D3B6}.Release|Any CPU.ActiveCfg = Release|Any CPU
		{5FFC1272-9443-4524-814F-50D1F593D3B6}.Release|Any CPU.Build.0 = Release|Any CPU
		{EA47917D-103B-450D-A31C-54139C3703C3}.Debug|Any CPU.ActiveCfg = Debug|Any CPU
		{EA47917D-103B-450D-A31C-54139C3703C3}.Debug|Any CPU.Build.0 = Debug|Any CPU
		{EA47917D-103B-450D-A31C-54139C3703C3}.Release|Any CPU.ActiveCfg = Release|Any CPU
		{EA47917D-103B-450D-A31C-54139C3703C3}.Release|Any CPU.Build.0 = Release|Any CPU
	EndGlobalSection
	GlobalSection(SolutionProperties) = preSolution
		HideSolutionNode = FALSE
	EndGlobalSection
	GlobalSection(ExtensibilityGlobals) = postSolution
		SolutionGuid = {8E49ADC6-36AE-4F8E-867C-4860FFB8B3E9}
	EndGlobalSection
EndGlobal
